<?xml version="1.0" encoding="utf-8"?>
<Project ToolsVersion="4.0" xmlns="http://schemas.microsoft.com/developer/msbuild/2003">
  <ItemGroup>
    <ClInclude Include="framework.h" />
    <ClInclude Include="Window.h">
      <Filter>System</Filter>
    </ClInclude>
    <ClInclude Include="Types.h">
      <Filter>System</Filter>
    </ClInclude>
    <ClInclude Include="Direct3D11.h">
      <Filter>System</Filter>
    </ClInclude>
    <ClInclude Include="Random.h">
      <Filter>System</Filter>
    </ClInclude>
    <ClInclude Include="Timer.h">
      <Filter>System</Filter>
    </ClInclude>
    <ClInclude Include="Input.h">
      <Filter>System</Filter>
    </ClInclude>
    <ClInclude Include="Gui.h">
      <Filter>System</Filter>
    </ClInclude>
    <ClInclude Include="Camera.h">
      <Filter>GameObject</Filter>
    </ClInclude>
    <ClInclude Include="GameObject.h">
      <Filter>GameObject</Filter>
    </ClInclude>
    <ClInclude Include="Shader.h">
      <Filter>GameObject\Member</Filter>
    </ClInclude>
    <ClInclude Include="VertexType.h">
      <Filter>GameObject\Member</Filter>
    </ClInclude>
    <ClInclude Include="Util.h">
      <Filter>System</Filter>
    </ClInclude>
    <ClInclude Include="BinaryFile.h">
      <Filter>File</Filter>
    </ClInclude>
    <ClInclude Include="Xml.h">
      <Filter>File</Filter>
    </ClInclude>
    <ClInclude Include="Transform.h">
      <Filter>GameObject\Member</Filter>
    </ClInclude>
    <ClInclude Include="SceneManager.h">
      <Filter>System</Filter>
    </ClInclude>
    <ClInclude Include="Dwrite.h">
      <Filter>System</Filter>
    </ClInclude>
    <ClInclude Include="Sound.h">
      <Filter>System</Filter>
    </ClInclude>
    <ClInclude Include="Mesh.h">
      <Filter>GameObject\Member</Filter>
    </ClInclude>
    <ClInclude Include="Grid.h">
      <Filter>GameObject</Filter>
    </ClInclude>
    <ClInclude Include="ResourceManager.h">
      <Filter>System</Filter>
    </ClInclude>
    <ClInclude Include="DepthState.h">
      <Filter>State</Filter>
    </ClInclude>
    <ClInclude Include="UI.h">
      <Filter>GameObject</Filter>
    </ClInclude>
    <ClInclude Include="Texture.h">
      <Filter>GameObject\Member</Filter>
    </ClInclude>
    <ClInclude Include="Collider.h">
      <Filter>GameObject\Member</Filter>
    </ClInclude>
    <ClInclude Include="BlendState.h">
      <Filter>State</Filter>
    </ClInclude>
    <ClInclude Include="Material.h">
      <Filter>GameObject\Member</Filter>
    </ClInclude>
    <ClInclude Include="Animation.h">
      <Filter>GameObject\Member</Filter>
    </ClInclude>
    <ClInclude Include="Skeleton.h">
      <Filter>GameObject\Member</Filter>
    </ClInclude>
    <ClInclude Include="Terrain.h">
      <Filter>GameObject</Filter>
    </ClInclude>
    <ClInclude Include="Dijkstra.h">
      <Filter>GameObject\Member</Filter>
    </ClInclude>
    <ClInclude Include="RasterState.h">
      <Filter>State</Filter>
    </ClInclude>
    <ClInclude Include="Light.h">
      <Filter>GameObject</Filter>
    </ClInclude>
    <ClInclude Include="RenderTarget.h">
      <Filter>RenderTarget</Filter>
    </ClInclude>
    <ClInclude Include="Sky.h">
      <Filter>GameObject</Filter>
    </ClInclude>
    <ClInclude Include="Billboard.h">
      <Filter>GameObject</Filter>
    </ClInclude>
    <ClInclude Include="Rain.h">
      <Filter>GameObject</Filter>
    </ClInclude>
    <ClInclude Include="Pop.h">
      <Filter>GameObject</Filter>
    </ClInclude>
    <ClInclude Include="SlashTrail.h" />
    <ClInclude Include="PostEffect.h">
      <Filter>RenderTarget</Filter>
    </ClInclude>
    <ClInclude Include="CubeRenderTarget.h">
      <Filter>RenderTarget</Filter>
    </ClInclude>
    <ClInclude Include="Environment.h">
      <Filter>RenderTarget\ChildClass</Filter>
    </ClInclude>
    <ClInclude Include="Shadow.h">
      <Filter>RenderTarget\ChildClass</Filter>
    </ClInclude>
    <ClInclude Include="ExploedEffect.h">
      <Filter>GameEffect</Filter>
    </ClInclude>
    <ClInclude Include="HorizEffect.h">
      <Filter>GameEffect</Filter>
    </ClInclude>
    <ClInclude Include="FireEffect.h">
      <Filter>GameEffect</Filter>
    </ClInclude>
    <ClInclude Include="IcicleEffect.h">
      <Filter>GameEffect</Filter>
    </ClInclude>
    <ClInclude Include="HitEffect.h">
      <Filter>GameEffect</Filter>
    </ClInclude>
    <ClInclude Include="DustEffect.h">
      <Filter>GameEffect</Filter>
    </ClInclude>
    <ClInclude Include="BloodEffect.h">
      <Filter>GameEffect</Filter>
    </ClInclude>
    <ClInclude Include="DeathEffect.h">
      <Filter>GameEffect</Filter>
    </ClInclude>
    <ClInclude Include="RoarEffect.h">
      <Filter>GameEffect</Filter>
    </ClInclude>
    <ClInclude Include="Deferred.h">
      <Filter>RenderTarget</Filter>
    </ClInclude>
  </ItemGroup>
  <ItemGroup>
    <Filter Include="System">
      <UniqueIdentifier>{21c08d9d-0d99-4e1a-b5cf-b6fe6274862f}</UniqueIdentifier>
    </Filter>
    <Filter Include="GameObject">
      <UniqueIdentifier>{6f4bd646-61cf-4ecf-9e3c-e1c08a8bf624}</UniqueIdentifier>
    </Filter>
    <Filter Include="GameObject\Member">
      <UniqueIdentifier>{09dc338e-ffeb-4250-8eb8-8d54dd34faf9}</UniqueIdentifier>
    </Filter>
    <Filter Include="File">
      <UniqueIdentifier>{7c96a0eb-73ac-4004-9e3f-7512dbe02f2e}</UniqueIdentifier>
    </Filter>
    <Filter Include="State">
      <UniqueIdentifier>{84064ec8-79ce-439c-ac76-d82ee48452c7}</UniqueIdentifier>
    </Filter>
    <Filter Include="RenderTarget">
      <UniqueIdentifier>{a3673e94-d1ce-45e5-857c-9b58f8b6848a}</UniqueIdentifier>
    </Filter>
    <Filter Include="RenderTarget\ChildClass">
      <UniqueIdentifier>{041ecc74-b59e-422b-b284-fe7357a97b73}</UniqueIdentifier>
    </Filter>
    <Filter Include="GameEffect">
      <UniqueIdentifier>{84c1930d-1eaa-4729-a4ba-d9cf624550c0}</UniqueIdentifier>
    </Filter>
  </ItemGroup>
  <ItemGroup>
    <ClCompile Include="Window.cpp">
      <Filter>System</Filter>
    </ClCompile>
    <ClCompile Include="Direct3D11.cpp">
      <Filter>System</Filter>
    </ClCompile>
    <ClCompile Include="Random.cpp">
      <Filter>System</Filter>
    </ClCompile>
    <ClCompile Include="Timer.cpp">
      <Filter>System</Filter>
    </ClCompile>
    <ClCompile Include="Input.cpp">
      <Filter>System</Filter>
    </ClCompile>
    <ClCompile Include="Gui.cpp">
      <Filter>System</Filter>
    </ClCompile>
    <ClCompile Include="Camera.cpp">
      <Filter>GameObject</Filter>
    </ClCompile>
    <ClCompile Include="GameObject.cpp">
      <Filter>GameObject</Filter>
    </ClCompile>
    <ClCompile Include="Shader.cpp">
      <Filter>GameObject\Member</Filter>
    </ClCompile>
    <ClCompile Include="VertexType.cpp">
      <Filter>GameObject\Member</Filter>
    </ClCompile>
    <ClCompile Include="Util.cpp">
      <Filter>System</Filter>
    </ClCompile>
    <ClCompile Include="BinaryFile.cpp">
      <Filter>File</Filter>
    </ClCompile>
    <ClCompile Include="Xml.cpp">
      <Filter>File</Filter>
    </ClCompile>
    <ClCompile Include="Transform.cpp">
      <Filter>GameObject\Member</Filter>
    </ClCompile>
    <ClCompile Include="GOSaveLoad.cpp">
      <Filter>GameObject</Filter>
    </ClCompile>
    <ClCompile Include="GOImGui.cpp">
      <Filter>GameObject</Filter>
    </ClCompile>
    <ClCompile Include="SceneManager.cpp">
      <Filter>System</Filter>
    </ClCompile>
    <ClCompile Include="Dwrite.cpp">
      <Filter>System</Filter>
    </ClCompile>
    <ClCompile Include="Sound.cpp">
      <Filter>System</Filter>
    </ClCompile>
    <ClCompile Include="Mesh.cpp">
      <Filter>GameObject\Member</Filter>
    </ClCompile>
    <ClCompile Include="Grid.cpp">
      <Filter>GameObject</Filter>
    </ClCompile>
    <ClCompile Include="ResourceManager.cpp">
      <Filter>System</Filter>
    </ClCompile>
    <ClCompile Include="DepthState.cpp">
      <Filter>State</Filter>
    </ClCompile>
    <ClCompile Include="UI.cpp">
      <Filter>GameObject</Filter>
    </ClCompile>
    <ClCompile Include="Texture.cpp">
      <Filter>GameObject\Member</Filter>
    </ClCompile>
    <ClCompile Include="Collider.cpp">
      <Filter>GameObject\Member</Filter>
    </ClCompile>
    <ClCompile Include="BlendState.cpp">
      <Filter>State</Filter>
    </ClCompile>
    <ClCompile Include="Material.cpp">
      <Filter>GameObject\Member</Filter>
    </ClCompile>
    <ClCompile Include="Animation.cpp">
      <Filter>GameObject\Member</Filter>
    </ClCompile>
    <ClCompile Include="Skeleton.cpp">
      <Filter>GameObject\Member</Filter>
    </ClCompile>
    <ClCompile Include="Terrain.cpp">
      <Filter>GameObject</Filter>
    </ClCompile>
    <ClCompile Include="Dijkstra.cpp">
      <Filter>GameObject\Member</Filter>
    </ClCompile>
    <ClCompile Include="RasterState.cpp">
      <Filter>State</Filter>
    </ClCompile>
    <ClCompile Include="Light.cpp">
      <Filter>GameObject</Filter>
    </ClCompile>
    <ClCompile Include="RenderTarget.cpp">
      <Filter>RenderTarget</Filter>
    </ClCompile>
    <ClCompile Include="Sky.cpp">
      <Filter>GameObject</Filter>
    </ClCompile>
    <ClCompile Include="Billboard.cpp">
      <Filter>GameObject</Filter>
    </ClCompile>
    <ClCompile Include="Rain.cpp">
      <Filter>GameObject</Filter>
    </ClCompile>
    <ClCompile Include="Pop.cpp">
      <Filter>GameObject</Filter>
    </ClCompile>
    <ClCompile Include="SlashTrail.cpp" />
    <ClCompile Include="PostEffect.cpp">
      <Filter>RenderTarget</Filter>
    </ClCompile>
    <ClCompile Include="CubeRenderTarget.cpp">
      <Filter>RenderTarget</Filter>
    </ClCompile>
    <ClCompile Include="Environment.cpp">
      <Filter>RenderTarget\ChildClass</Filter>
    </ClCompile>
    <ClCompile Include="Shadow.cpp">
      <Filter>RenderTarget\ChildClass</Filter>
    </ClCompile>
    <ClCompile Include="ExploedEffect.cpp">
      <Filter>GameEffect</Filter>
    </ClCompile>
    <ClCompile Include="HorizEffect.cpp">
      <Filter>GameEffect</Filter>
    </ClCompile>
    <ClCompile Include="FireEffect.cpp">
      <Filter>GameEffect</Filter>
    </ClCompile>
    <ClCompile Include="IcicleEffect.cpp">
      <Filter>GameEffect</Filter>
    </ClCompile>
    <ClCompile Include="HitEffect.cpp">
      <Filter>GameEffect</Filter>
    </ClCompile>
    <ClCompile Include="DustEffect.cpp">
      <Filter>GameEffect</Filter>
    </ClCompile>
    <ClCompile Include="BloodEffect.cpp">
      <Filter>GameEffect</Filter>
    </ClCompile>
    <ClCompile Include="DeathEffect.cpp">
      <Filter>GameEffect</Filter>
    </ClCompile>
    <ClCompile Include="RoarEffect.cpp">
      <Filter>GameEffect</Filter>
    </ClCompile>
    <ClCompile Include="Deferred.cpp">
      <Filter>RenderTarget</Filter>
    </ClCompile>
  </ItemGroup>
</Project>